// !$*UTF8*$!
{
	archiveVersion = 1;
	classes = {
	};
	objectVersion = 50;
	objects = {

/* Begin PBXBuildFile section */
		EB34F8B725D03E9B00ED1C2A /* AppDelegate.swift in Sources */ = {isa = PBXBuildFile; fileRef = EB34F8B625D03E9B00ED1C2A /* AppDelegate.swift */; };
		EB34F8B925D03E9B00ED1C2A /* ViewController.swift in Sources */ = {isa = PBXBuildFile; fileRef = EB34F8B825D03E9B00ED1C2A /* ViewController.swift */; };
		EB34F8BB25D03E9D00ED1C2A /* Assets.xcassets in Resources */ = {isa = PBXBuildFile; fileRef = EB34F8BA25D03E9D00ED1C2A /* Assets.xcassets */; };
		EB34F8BE25D03E9D00ED1C2A /* Main.storyboard in Resources */ = {isa = PBXBuildFile; fileRef = EB34F8BC25D03E9D00ED1C2A /* Main.storyboard */; };
		EBE9E06E25D0DDA000852D73 /* inputHandler.swift in Sources */ = {isa = PBXBuildFile; fileRef = EBE9E06D25D0DDA000852D73 /* inputHandler.swift */; };
		EBE9E07B25D1793A00852D73 /* ReaderModel.swift in Sources */ = {isa = PBXBuildFile; fileRef = EBE9E07A25D1793A00852D73 /* ReaderModel.swift */; };
/* End PBXBuildFile section */

/* Begin PBXFileReference section */
		EB34F8B325D03E9B00ED1C2A /* GReader.app */ = {isa = PBXFileReference; explicitFileType = wrapper.application; includeInIndex = 0; path = GReader.app; sourceTree = BUILT_PRODUCTS_DIR; };
		EB34F8B625D03E9B00ED1C2A /* AppDelegate.swift */ = {isa = PBXFileReference; lastKnownFileType = sourcecode.swift; path = AppDelegate.swift; sourceTree = "<group>"; };
		EB34F8B825D03E9B00ED1C2A /* ViewController.swift */ = {isa = PBXFileReference; lastKnownFileType = sourcecode.swift; path = ViewController.swift; sourceTree = "<group>"; };
		EB34F8BA25D03E9D00ED1C2A /* Assets.xcassets */ = {isa = PBXFileReference; lastKnownFileType = folder.assetcatalog; path = Assets.xcassets; sourceTree = "<group>"; };
		EB34F8BD25D03E9D00ED1C2A /* Base */ = {isa = PBXFileReference; lastKnownFileType = file.storyboard; name = Base; path = Base.lproj/Main.storyboard; sourceTree = "<group>"; };
		EB34F8BF25D03E9D00ED1C2A /* Info.plist */ = {isa = PBXFileReference; lastKnownFileType = text.plist.xml; path = Info.plist; sourceTree = "<group>"; };
		EB34F8C025D03E9D00ED1C2A /* GReader.entitlements */ = {isa = PBXFileReference; lastKnownFileType = text.plist.entitlements; path = GReader.entitlements; sourceTree = "<group>"; };
		EB34F8C725D0653000ED1C2A /* README.md */ = {isa = PBXFileReference; lastKnownFileType = net.daringfireball.markdown; path = README.md; sourceTree = "<group>"; };
		EBE9E06D25D0DDA000852D73 /* inputHandler.swift */ = {isa = PBXFileReference; lastKnownFileType = sourcecode.swift; path = inputHandler.swift; sourceTree = "<group>"; };
		EBE9E07A25D1793A00852D73 /* ReaderModel.swift */ = {isa = PBXFileReference; lastKnownFileType = sourcecode.swift; path = ReaderModel.swift; sourceTree = "<group>"; };
/* End PBXFileReference section */

/* Begin PBXFrameworksBuildPhase section */
		EB34F8B025D03E9B00ED1C2A /* Frameworks */ = {
			isa = PBXFrameworksBuildPhase;
			buildActionMask = 2147483647;
			files = (
			);
			runOnlyForDeploymentPostprocessing = 0;
		};
/* End PBXFrameworksBuildPhase section */

/* Begin PBXGroup section */
		EB34F8AA25D03E9B00ED1C2A = {
			isa = PBXGroup;
			children = (
				EB34F8C725D0653000ED1C2A /* README.md */,
				EB34F8B525D03E9B00ED1C2A /* GReader */,
				EB34F8B425D03E9B00ED1C2A /* Products */,
			);
			sourceTree = "<group>";
		};
		EB34F8B425D03E9B00ED1C2A /* Products */ = {
			isa = PBXGroup;
			children = (
				EB34F8B325D03E9B00ED1C2A /* GReader.app */,
			);
			name = Products;
			sourceTree = "<group>";
		};
		EB34F8B525D03E9B00ED1C2A /* GReader */ = {
			isa = PBXGroup;
			children = (
				EBE9E07925D1790A00852D73 /* Model */,
				EBE9E06C25D0DD8800852D73 /* Controller */,
				EB34F8B625D03E9B00ED1C2A /* AppDelegate.swift */,
				EB34F8B825D03E9B00ED1C2A /* ViewController.swift */,
				EB34F8BA25D03E9D00ED1C2A /* Assets.xcassets */,
				EB34F8BC25D03E9D00ED1C2A /* Main.storyboard */,
				EB34F8BF25D03E9D00ED1C2A /* Info.plist */,
				EB34F8C025D03E9D00ED1C2A /* GReader.entitlements */,
			);
			path = GReader;
			sourceTree = "<group>";
		};
		EBE9E06C25D0DD8800852D73 /* Controller */ = {
			isa = PBXGroup;
			children = (
				EBE9E06D25D0DDA000852D73 /* inputHandler.swift */,
			);
			path = Controller;
			sourceTree = "<group>";
		};
		EBE9E07925D1790A00852D73 /* Model */ = {
			isa = PBXGroup;
			children = (
				EBE9E07A25D1793A00852D73 /* ReaderModel.swift */,
			);
			path = Model;
			sourceTree = "<group>";
		};
/* End PBXGroup section */

/* Begin PBXNativeTarget section */
		EB34F8B225D03E9B00ED1C2A /* GReader */ = {
			isa = PBXNativeTarget;
			buildConfigurationList = EB34F8C325D03E9D00ED1C2A /* Build configuration list for PBXNativeTarget "GReader" */;
			buildPhases = (
				EB34F8AF25D03E9B00ED1C2A /* Sources */,
				EB34F8B025D03E9B00ED1C2A /* Frameworks */,
				EB34F8B125D03E9B00ED1C2A /* Resources */,
			);
			buildRules = (
			);
			dependencies = (
			);
			name = GReader;
			productName = GReader;
			productReference = EB34F8B325D03E9B00ED1C2A /* GReader.app */;
			productType = "com.apple.product-type.application";
		};
/* End PBXNativeTarget section */

/* Begin PBXProject section */
		EB34F8AB25D03E9B00ED1C2A /* Project object */ = {
			isa = PBXProject;
			attributes = {
				LastSwiftUpdateCheck = 1240;
				LastUpgradeCheck = 1240;
				TargetAttributes = {
					EB34F8B225D03E9B00ED1C2A = {
						CreatedOnToolsVersion = 12.4;
					};
				};
			};
			buildConfigurationList = EB34F8AE25D03E9B00ED1C2A /* Build configuration list for PBXProject "GReader" */;
			compatibilityVersion = "Xcode 9.3";
			developmentRegion = en;
			hasScannedForEncodings = 0;
			knownRegions = (
				en,
				Base,
			);
			mainGroup = EB34F8AA25D03E9B00ED1C2A;
			productRefGroup = EB34F8B425D03E9B00ED1C2A /* Products */;
			projectDirPath = "";
			projectRoot = "";
			targets = (
				EB34F8B225D03E9B00ED1C2A /* GReader */,
			);
		};
/* End PBXProject section */

/* Begin PBXResourcesBuildPhase section */
		EB34F8B125D03E9B00ED1C2A /* Resources */ = {
			isa = PBXResourcesBuildPhase;
			buildActionMask = 2147483647;
			files = (
				EB34F8BB25D03E9D00ED1C2A /* Assets.xcassets in Resources */,
				EB34F8BE25D03E9D00ED1C2A /* Main.storyboard in Resources */,
			);
			runOnlyForDeploymentPostprocessing = 0;
		};
/* End PBXResourcesBuildPhase section */

/* Begin PBXSourcesBuildPhase section */
		EB34F8AF25D03E9B00ED1C2A /* Sources */ = {
			isa = PBXSourcesBuildPhase;
			buildActionMask = 2147483647;
			files = (
				EBE9E07B25D1793A00852D73 /* ReaderModel.swift in Sources */,
				EB34F8B925D03E9B00ED1C2A /* ViewController.swift in Sources */,
				EBE9E06E25D0DDA000852D73 /* inputHandler.swift in Sources */,
				EB34F8B725D03E9B00ED1C2A /* AppDelegate.swift in Sources */,
			);
			runOnlyForDeploymentPostprocessing = 0;
		};
/* End PBXSourcesBuildPhase section */

/* Begin PBXVariantGroup section */
		EB34F8BC25D03E9D00ED1C2A /* Main.storyboard */ = {
			isa = PBXVariantGroup;
			children = (
				EB34F8BD25D03E9D00ED1C2A /* Base */,
			);
			name = Main.storyboard;
			sourceTree = "<group>";
		};
/* End PBXVariantGroup section */

/* Begin XCBuildConfiguration section */
		EB34F8C125D03E9D00ED1C2A /* Debug */ = {
			isa = XCBuildConfiguration;
			buildSettings = {
				ALWAYS_SEARCH_USER_PATHS = NO;
				CLANG_ANALYZER_NONNULL = YES;
				CLANG_ANALYZER_NUMBER_OBJECT_CONVERSION = YES_AGGRESSIVE;
				CLANG_CXX_LANGUAGE_STANDARD = "gnu++14";
				CLANG_CXX_LIBRARY = "libc++";
				CLANG_ENABLE_MODULES = YES;
				CLANG_ENABLE_OBJC_ARC = YES;
				CLANG_ENABLE_OBJC_WEAK = YES;
				CLANG_WARN_BLOCK_CAPTURE_AUTORELEASING = YES;
				CLANG_WARN_BOOL_CONVERSION = YES;
				CLANG_WARN_COMMA = YES;
				CLANG_WARN_CONSTANT_CONVERSION = YES;
				CLANG_WARN_DEPRECATED_OBJC_IMPLEMENTATIONS = YES;
				CLANG_WARN_DIRECT_OBJC_ISA_USAGE = YES_ERROR;
				CLANG_WARN_DOCUMENTATION_COMMENTS = YES;
				CLANG_WARN_EMPTY_BODY = YES;
				CLANG_WARN_ENUM_CONVERSION = YES;
				CLANG_WARN_INFINITE_RECURSION = YES;
				CLANG_WARN_INT_CONVERSION = YES;
				CLANG_WARN_NON_LITERAL_NULL_CONVERSION = YES;
				CLANG_WARN_OBJC_IMPLICIT_RETAIN_SELF = YES;
				CLANG_WARN_OBJC_LITERAL_CONVERSION = YES;
				CLANG_WARN_OBJC_ROOT_CLASS = YES_ERROR;
				CLANG_WARN_QUOTED_INCLUDE_IN_FRAMEWORK_HEADER = YES;
				CLANG_WARN_RANGE_LOOP_ANALYSIS = YES;
				CLANG_WARN_STRICT_PROTOTYPES = YES;
				CLANG_WARN_SUSPICIOUS_MOVE = YES;
				CLANG_WARN_UNGUARDED_AVAILABILITY = YES_AGGRESSIVE;
				CLANG_WARN_UNREACHABLE_CODE = YES;
				CLANG_WARN__DUPLICATE_METHOD_MATCH = YES;
				COPY_PHASE_STRIP = NO;
				DEBUG_INFORMATION_FORMAT = dwarf;
				ENABLE_STRICT_OBJC_MSGSEND = YES;
				ENABLE_TESTABILITY = YES;
				GCC_C_LANGUAGE_STANDARD = gnu11;
				GCC_DYNAMIC_NO_PIC = NO;
				GCC_NO_COMMON_BLOCKS = YES;
				GCC_OPTIMIZATION_LEVEL = 0;
				GCC_PREPROCESSOR_DEFINITIONS = (
					"DEBUG=1",
					"$(inherited)",
				);
				GCC_WARN_64_TO_32_BIT_CONVERSION = YES;
				GCC_WARN_ABOUT_RETURN_TYPE = YES_ERROR;
				GCC_WARN_UNDECLARED_SELECTOR = YES;
				GCC_WARN_UNINITIALIZED_AUTOS = YES_AGGRESSIVE;
				GCC_WARN_UNUSED_FUNCTION = YES;
				GCC_WARN_UNUSED_VARIABLE = YES;
				MACOSX_DEPLOYMENT_TARGET = 11.1;
				MTL_ENABLE_DEBUG_INFO = INCLUDE_SOURCE;
				MTL_FAST_MATH = YES;
				ONLY_ACTIVE_ARCH = YES;
				SDKROOT = macosx;
				SWIFT_ACTIVE_COMPILATION_CONDITIONS = DEBUG;
				SWIFT_OPTIMIZATION_LEVEL = "-Onone";
			};
			name = Debug;
		};
		EB34F8C225D03E9D00ED1C2A /* Release */ = {
			isa = XCBuildConfiguration;
			buildSettings = {
				ALWAYS_SEARCH_USER_PATHS = NO;
				CLANG_ANALYZER_NONNULL = YES;
				CLANG_ANALYZER_NUMBER_OBJECT_CONVERSION = YES_AGGRESSIVE;
				CLANG_CXX_LANGUAGE_STANDARD = "gnu++14";
				CLANG_CXX_LIBRARY = "libc++";
				CLANG_ENABLE_MODULES = YES;
				CLANG_ENABLE_OBJC_ARC = YES;
				CLANG_ENABLE_OBJC_WEAK = YES;
				CLANG_WARN_BLOCK_CAPTURE_AUTORELEASING = YES;
				CLANG_WARN_BOOL_CONVERSION = YES;
				CLANG_WARN_COMMA = YES;
				CLANG_WARN_CONSTANT_CONVERSION = YES;
				CLANG_WARN_DEPRECATED_OBJC_IMPLEMENTATIONS = YES;
				CLANG_WARN_DIRECT_OBJC_ISA_USAGE = YES_ERROR;
				CLANG_WARN_DOCUMENTATION_COMMENTS = YES;
				CLANG_WARN_EMPTY_BODY = YES;
				CLANG_WARN_ENUM_CONVERSION = YES;
				CLANG_WARN_INFINITE_RECURSION = YES;
				CLANG_WARN_INT_CONVERSION = YES;
				CLANG_WARN_NON_LITERAL_NULL_CONVERSION = YES;
				CLANG_WARN_OBJC_IMPLICIT_RETAIN_SELF = YES;
				CLANG_WARN_OBJC_LITERAL_CONVERSION = YES;
				CLANG_WARN_OBJC_ROOT_CLASS = YES_ERROR;
				CLANG_WARN_QUOTED_INCLUDE_IN_FRAMEWORK_HEADER = YES;
				CLANG_WARN_RANGE_LOOP_ANALYSIS = YES;
				CLANG_WARN_STRICT_PROTOTYPES = YES;
				CLANG_WARN_SUSPICIOUS_MOVE = YES;
				CLANG_WARN_UNGUARDED_AVAILABILITY = YES_AGGRESSIVE;
				CLANG_WARN_UNREACHABLE_CODE = YES;
				CLANG_WARN__DUPLICATE_METHOD_MATCH = YES;
				COPY_PHASE_STRIP = NO;
				DEBUG_INFORMATION_FORMAT = "dwarf-with-dsym";
				ENABLE_NS_ASSERTIONS = NO;
				ENABLE_STRICT_OBJC_MSGSEND = YES;
				GCC_C_LANGUAGE_STANDARD = gnu11;
				GCC_NO_COMMON_BLOCKS = YES;
				GCC_WARN_64_TO_32_BIT_CONVERSION = YES;
				GCC_WARN_ABOUT_RETURN_TYPE = YES_ERROR;
				GCC_WARN_UNDECLARED_SELECTOR = YES;
				GCC_WARN_UNINITIALIZED_AUTOS = YES_AGGRESSIVE;
				GCC_WARN_UNUSED_FUNCTION = YES;
				GCC_WARN_UNUSED_VARIABLE = YES;
				MACOSX_DEPLOYMENT_TARGET = 11.1;
				MTL_ENABLE_DEBUG_INFO = NO;
				MTL_FAST_MATH = YES;
				SDKROOT = macosx;
				SWIFT_COMPILATION_MODE = wholemodule;
				SWIFT_OPTIMIZATION_LEVEL = "-O";
			};
			name = Release;
		};
		EB34F8C425D03E9D00ED1C2A /* Debug */ = {
			isa = XCBuildConfiguration;
			buildSettings = {
				ASSETCATALOG_COMPILER_APPICON_NAME = AppIcon;
				ASSETCATALOG_COMPILER_GLOBAL_ACCENT_COLOR_NAME = AccentColor;
				CODE_SIGN_ENTITLEMENTS = GReader/GReader.entitlements;
				CODE_SIGN_STYLE = Automatic;
				COMBINE_HIDPI_IMAGES = YES;
				INFOPLIST_FILE = GReader/Info.plist;
				LD_RUNPATH_SEARCH_PATHS = (
					"$(inherited)",
					"@executable_path/../Frameworks",
				);
				PRODUCT_BUNDLE_IDENTIFIER = Guann.GReader;
				PRODUCT_NAME = "$(TARGET_NAME)";
				SWIFT_VERSION = 5.0;
			};
			name = Debug;
		};
		EB34F8C525D03E9D00ED1C2A /* Release */ = {
			isa = XCBuildConfiguration;
			buildSettings = {
				ASSETCATALOG_COMPILER_APPICON_NAME = AppIcon;
				ASSETCATALOG_COMPILER_GLOBAL_ACCENT_COLOR_NAME = AccentColor;
				CODE_SIGN_ENTITLEMENTS = GReader/GReader.entitlements;
				CODE_SIGN_STYLE = Automatic;
				COMBINE_HIDPI_IMAGES = YES;
				INFOPLIST_FILE = GReader/Info.plist;
				LD_RUNPATH_SEARCH_PATHS = (
					"$(inherited)",
					"@executable_path/../Frameworks",
				);
				PRODUCT_BUNDLE_IDENTIFIER = Guann.GReader;
				PRODUCT_NAME = "$(TARGET_NAME)";
				SWIFT_VERSION = 5.0;
			};
			name = Release;
		};
/* End XCBuildConfiguration section */

/* Begin XCConfigurationList section */
		EB34F8AE25D03E9B00ED1C2A /* Build configuration list for PBXProject "GReader" */ = {
			isa = XCConfigurationList;
			buildConfigurations = (
				EB34F8C125D03E9D00ED1C2A /* Debug */,
				EB34F8C225D03E9D00ED1C2A /* Release */,
			);
			defaultConfigurationIsVisible = 0;
			defaultConfigurationName = Release;
		};
		EB34F8C325D03E9D00ED1C2A /* Build configuration list for PBXNativeTarget "GReader" */ = {
			isa = XCConfigurationList;
			buildConfigurations = (
				EB34F8C425D03E9D00ED1C2A /* Debug */,
				EB34F8C525D03E9D00ED1C2A /* Release */,
			);
			defaultConfigurationIsVisible = 0;
			defaultConfigurationName = Release;
		};
/* End XCConfigurationList section */
	};
	rootObject = EB34F8AB25D03E9B00ED1C2A /* Project object */;
}
